
Microsoft Visual Studio Solution File, Format Version 12.00
# Visual Studio 15
Project("{FAE04EC0-301F-11D3-BF4B-00C04F79EFBC}") = "Float.TinCan.ActivityLibrary", "Float.TinCan.ActivityLibrary\Float.TinCan.ActivityLibrary.csproj", "{C0256A8E-114B-4087-8C72-3F68C1BF9654}"
EndProject
Project("{FAE04EC0-301F-11D3-BF4B-00C04F79EFBC}") = "Float.TinCan.ActivityLibrary.Tests", "Float.TinCan.ActivityLibrary.Tests\Float.TinCan.ActivityLibrary.Tests.csproj", "{EFF25A63-A4DC-4EE9-A587-14368416D42D}"
EndProject
Global
	GlobalSection(SolutionConfigurationPlatforms) = preSolution
		Debug|Any CPU = Debug|Any CPU
		Release|Any CPU = Release|Any CPU
	EndGlobalSection
	GlobalSection(ProjectConfigurationPlatforms) = postSolution
		{C0256A8E-114B-4087-8C72-3F68C1BF9654}.Debug|Any CPU.ActiveCfg = Debug|Any CPU
		{C0256A8E-114B-4087-8C72-3F68C1BF9654}.Debug|Any CPU.Build.0 = Debug|Any CPU
		{C0256A8E-114B-4087-8C72-3F68C1BF9654}.Release|Any CPU.ActiveCfg = Release|Any CPU
		{C0256A8E-114B-4087-8C72-3F68C1BF9654}.Release|Any CPU.Build.0 = Release|Any CPU
		{EFF25A63-A4DC-4EE9-A587-14368416D42D}.Debug|Any CPU.ActiveCfg = Debug|Any CPU
		{EFF25A63-A4DC-4EE9-A587-14368416D42D}.Debug|Any CPU.Build.0 = Debug|Any CPU
		{EFF25A63-A4DC-4EE9-A587-14368416D42D}.Release|Any CPU.ActiveCfg = Release|Any CPU
		{EFF25A63-A4DC-4EE9-A587-14368416D42D}.Release|Any CPU.Build.0 = Release|Any CPU
	EndGlobalSection
	GlobalSection(NestedProjects) = preSolution
	EndGlobalSection
EndGlobal
